
Microsoft Visual Studio Solution File, Format Version 12.00
# Visual Studio Version 17
VisualStudioVersion = 17.10.34928.147
MinimumVisualStudioVersion = 10.0.40219.1
Project("{FAE04EC0-301F-11D3-BF4B-00C04F79EFBC}") = "IrshadEcommerceWeb", "IrshadEcommerceWeb\IrshadEcommerceWeb.csproj", "{939ADBE5-25D9-47D8-ABF5-7A95519AE9DD}"
EndProject
Global
	GlobalSection(SolutionConfigurationPlatforms) = preSolution
		Debug|Any CPU = Debug|Any CPU
		Release|Any CPU = Release|Any CPU
	EndGlobalSection
	GlobalSection(ProjectConfigurationPlatforms) = postSolution
		{939ADBE5-25D9-47D8-ABF5-7A95519AE9DD}.Debug|Any CPU.ActiveCfg = Debug|Any CPU
		{939ADBE5-25D9-47D8-ABF5-7A95519AE9DD}.Debug|Any CPU.Build.0 = Debug|Any CPU
		{939ADBE5-25D9-47D8-ABF5-7A95519AE9DD}.Release|Any CPU.ActiveCfg = Release|Any CPU
		{939ADBE5-25D9-47D8-ABF5-7A95519AE9DD}.Release|Any CPU.Build.0 = Release|Any CPU
	EndGlobalSection
	GlobalSection(SolutionProperties) = preSolution
		HideSolutionNode = FALSE
	EndGlobalSection
	GlobalSection(ExtensibilityGlobals) = postSolution
		SolutionGuid = {73477BE9-92FC-4EC4-A657-F189F4B45F82}
	EndGlobalSection
EndGlobal
