
Microsoft Visual Studio Solution File, Format Version 12.00
# Visual Studio Version 17
VisualStudioVersion = 17.10.34928.147
MinimumVisualStudioVersion = 10.0.40219.1
Project("{FAE04EC0-301F-11D3-BF4B-00C04F79EFBC}") = "IrshadEcommerceWeb", "IrshadEcommerceWeb\IrshadEcommerceWeb.csproj", "{939ADBE5-25D9-47D8-ABF5-7A95519AE9DD}"
EndProject
Project("{FAE04EC0-301F-11D3-BF4B-00C04F79EFBC}") = "IrshadEcommerce.DataAccess", "IrshadEcommerceWeb.DataAccess\IrshadEcommerce.DataAccess.csproj", "{86DD3BE0-5E64-4CAD-BF84-0C0DB07AFD73}"
EndProject
Project("{FAE04EC0-301F-11D3-BF4B-00C04F79EFBC}") = "IrshadEcommerce.Models", "IrshadEcommerceWeb.Models\IrshadEcommerce.Models.csproj", "{01D5A073-4761-41CA-AE4B-C5F179EE4E9C}"
EndProject
Project("{FAE04EC0-301F-11D3-BF4B-00C04F79EFBC}") = "IrshadEcommerce.Utility", "IrshadEcommerceWeb.Utility\IrshadEcommerce.Utility.csproj", "{A9EC45DE-7C7E-4C47-B930-CA97C133B3FA}"
EndProject
Global
	GlobalSection(SolutionConfigurationPlatforms) = preSolution
		Debug|Any CPU = Debug|Any CPU
		Release|Any CPU = Release|Any CPU
	EndGlobalSection
	GlobalSection(ProjectConfigurationPlatforms) = postSolution
		{939ADBE5-25D9-47D8-ABF5-7A95519AE9DD}.Debug|Any CPU.ActiveCfg = Debug|Any CPU
		{939ADBE5-25D9-47D8-ABF5-7A95519AE9DD}.Debug|Any CPU.Build.0 = Debug|Any CPU
		{939ADBE5-25D9-47D8-ABF5-7A95519AE9DD}.Release|Any CPU.ActiveCfg = Release|Any CPU
		{939ADBE5-25D9-47D8-ABF5-7A95519AE9DD}.Release|Any CPU.Build.0 = Release|Any CPU
		{86DD3BE0-5E64-4CAD-BF84-0C0DB07AFD73}.Debug|Any CPU.ActiveCfg = Debug|Any CPU
		{86DD3BE0-5E64-4CAD-BF84-0C0DB07AFD73}.Debug|Any CPU.Build.0 = Debug|Any CPU
		{86DD3BE0-5E64-4CAD-BF84-0C0DB07AFD73}.Release|Any CPU.ActiveCfg = Release|Any CPU
		{86DD3BE0-5E64-4CAD-BF84-0C0DB07AFD73}.Release|Any CPU.Build.0 = Release|Any CPU
		{01D5A073-4761-41CA-AE4B-C5F179EE4E9C}.Debug|Any CPU.ActiveCfg = Debug|Any CPU
		{01D5A073-4761-41CA-AE4B-C5F179EE4E9C}.Debug|Any CPU.Build.0 = Debug|Any CPU
		{01D5A073-4761-41CA-AE4B-C5F179EE4E9C}.Release|Any CPU.ActiveCfg = Release|Any CPU
		{01D5A073-4761-41CA-AE4B-C5F179EE4E9C}.Release|Any CPU.Build.0 = Release|Any CPU
		{A9EC45DE-7C7E-4C47-B930-CA97C133B3FA}.Debug|Any CPU.ActiveCfg = Debug|Any CPU
		{A9EC45DE-7C7E-4C47-B930-CA97C133B3FA}.Debug|Any CPU.Build.0 = Debug|Any CPU
		{A9EC45DE-7C7E-4C47-B930-CA97C133B3FA}.Release|Any CPU.ActiveCfg = Release|Any CPU
		{A9EC45DE-7C7E-4C47-B930-CA97C133B3FA}.Release|Any CPU.Build.0 = Release|Any CPU
	EndGlobalSection
	GlobalSection(SolutionProperties) = preSolution
		HideSolutionNode = FALSE
	EndGlobalSection
	GlobalSection(ExtensibilityGlobals) = postSolution
		SolutionGuid = {73477BE9-92FC-4EC4-A657-F189F4B45F82}
	EndGlobalSection
EndGlobal
